
Microsoft Visual Studio Solution File, Format Version 12.00
# Visual Studio Version 17
VisualStudioVersion = 17.2.32616.157
MinimumVisualStudioVersion = 10.0.40219.1
Project("{FAE04EC0-301F-11D3-BF4B-00C04F79EFBC}") = "Voting", "Voting\Voting.csproj", "{22218C74-187F-4F71-930F-A30618A444DF}"
EndProject
Global
	GlobalSection(SolutionConfigurationPlatforms) = preSolution
		Debug|Any CPU = Debug|Any CPU
		Release|Any CPU = Release|Any CPU
	EndGlobalSection
	GlobalSection(ProjectConfigurationPlatforms) = postSolution
		{22218C74-187F-4F71-930F-A30618A444DF}.Debug|Any CPU.ActiveCfg = Debug|Any CPU
		{22218C74-187F-4F71-930F-A30618A444DF}.Debug|Any CPU.Build.0 = Debug|Any CPU
		{22218C74-187F-4F71-930F-A30618A444DF}.Release|Any CPU.ActiveCfg = Release|Any CPU
		{22218C74-187F-4F71-930F-A30618A444DF}.Release|Any CPU.Build.0 = Release|Any CPU
	EndGlobalSection
	GlobalSection(SolutionProperties) = preSolution
		HideSolutionNode = FALSE
	EndGlobalSection
	GlobalSection(ExtensibilityGlobals) = postSolution
		SolutionGuid = {AAA1B2BA-A5C1-4E46-865A-20F54996D10F}
	EndGlobalSection
EndGlobal
